
Microsoft Visual Studio Solution File, Format Version 12.00
# Visual Studio Version 17
VisualStudioVersion = 17.7.34031.279
MinimumVisualStudioVersion = 10.0.40219.1
Project("{FAE04EC0-301F-11D3-BF4B-00C04F79EFBC}") = "UserManagementSystem", "UserManagementSystem\UserManagementSystem.csproj", "{B1F51FF1-84B4-44EE-9886-77B459B8AC54}"
EndProject
Global
	GlobalSection(SolutionConfigurationPlatforms) = preSolution
		Debug|Any CPU = Debug|Any CPU
		Release|Any CPU = Release|Any CPU
	EndGlobalSection
	GlobalSection(ProjectConfigurationPlatforms) = postSolution
		{B1F51FF1-84B4-44EE-9886-77B459B8AC54}.Debug|Any CPU.ActiveCfg = Debug|Any CPU
		{B1F51FF1-84B4-44EE-9886-77B459B8AC54}.Debug|Any CPU.Build.0 = Debug|Any CPU
		{B1F51FF1-84B4-44EE-9886-77B459B8AC54}.Release|Any CPU.ActiveCfg = Release|Any CPU
		{B1F51FF1-84B4-44EE-9886-77B459B8AC54}.Release|Any CPU.Build.0 = Release|Any CPU
	EndGlobalSection
	GlobalSection(SolutionProperties) = preSolution
		HideSolutionNode = FALSE
	EndGlobalSection
	GlobalSection(ExtensibilityGlobals) = postSolution
		SolutionGuid = {4CA8C30D-663A-467D-A243-EC30A613977E}
	EndGlobalSection
EndGlobal
